
Microsoft Visual Studio Solution File, Format Version 12.00
# Visual Studio 15
VisualStudioVersion = 15.0.27703.2000
MinimumVisualStudioVersion = 10.0.40219.1
Project("{9A19103F-16F7-4668-BE54-9A1E7A4F7556}") = "01 Rage Expenses", "01\01 Rage Expenses.csproj", "{E7499397-0991-486B-B762-166F1887FC3C}"
EndProject
Project("{9A19103F-16F7-4668-BE54-9A1E7A4F7556}") = "02", "02\02.csproj", "{52286854-25E4-46C7-9898-DCE245CF0F35}"
EndProject
Project("{9A19103F-16F7-4668-BE54-9A1E7A4F7556}") = "01 SinoTheWalker", "SinoTheWalker\01 SinoTheWalker.csproj", "{2D7FDF5C-A960-436C-815C-0C0AD34024F8}"
EndProject
Project("{9A19103F-16F7-4668-BE54-9A1E7A4F7556}") = "01 SinoTheWalker2", "sinoTheWalker2\01 SinoTheWalker2.csproj", "{12542F88-3D34-4834-BCFD-F5BBB017F835}"
EndProject
Project("{9A19103F-16F7-4668-BE54-9A1E7A4F7556}") = "01SsinoTheWalker3", "sinoTheWalker3\01SsinoTheWalker3.csproj", "{78B8542D-0A55-4F2A-B547-9BA4BB7060E0}"
EndProject
Project("{9A19103F-16F7-4668-BE54-9A1E7A4F7556}") = "04", "04\04.csproj", "{E64C1DC5-59BA-4C92-8DA2-ADD101F6AFC3}"
EndProject
Project("{9A19103F-16F7-4668-BE54-9A1E7A4F7556}") = "01.HornetWings", "01.HornetWings\01.HornetWings.csproj", "{783777E0-6A40-4C3C-B9E7-FADC637FE2A7}"
EndProject
Project("{9A19103F-16F7-4668-BE54-9A1E7A4F7556}") = "01 CharityMarathon", "CharityMarathon\01 CharityMarathon.csproj", "{6A2C681C-DDFF-4820-A830-89E020AC17C4}"
EndProject
Project("{9A19103F-16F7-4668-BE54-9A1E7A4F7556}") = "01 AnonymousDownsite", "AnonymousDownsite\01 AnonymousDownsite.csproj", "{354097E0-B4E3-4B8E-BDFB-FECCA140B04E}"
EndProject
Project("{9A19103F-16F7-4668-BE54-9A1E7A4F7556}") = "02 AnonymousThreat", "AnonymousThreat\02 AnonymousThreat.csproj", "{8F8F3DE5-FEB6-4F1E-AC8A-31ACE76D6733}"
EndProject
Project("{9A19103F-16F7-4668-BE54-9A1E7A4F7556}") = "03 AnonymousVox", "AnonymousVox\03 AnonymousVox.csproj", "{C08C22B0-4068-4753-9AC8-C04AE745CAE6}"
EndProject
Project("{9A19103F-16F7-4668-BE54-9A1E7A4F7556}") = "04 AnonymousCache", "AnonymousCache\04 AnonymousCache.csproj", "{80E4B006-30B5-42A0-86AD-F904B00DBCD2}"
EndProject
Project("{9A19103F-16F7-4668-BE54-9A1E7A4F7556}") = "04 AnonymousCache2", "AnonymousCache2\04 AnonymousCache2.csproj", "{2BDD1DDF-921F-4E4E-88A1-9A7C73DD911A}"
EndProject
Project("{9A19103F-16F7-4668-BE54-9A1E7A4F7556}") = "01SoftUniReception", "01SoftUniReception\01SoftUniReception.csproj", "{1C3B4501-51FE-4DED-8C73-BD33B40F3B73}"
EndProject
Project("{9A19103F-16F7-4668-BE54-9A1E7A4F7556}") = "01SoftUniReception2", "01SoftUniReception2\01SoftUniReception2.csproj", "{4B2ED620-6FC0-4D25-A586-1697682619B8}"
EndProject
Project("{9A19103F-16F7-4668-BE54-9A1E7A4F7556}") = "02SoftUniCoursePlanning", "02SoftUniCoursePlanning\02SoftUniCoursePlanning.csproj", "{6473AA94-662A-4946-9B42-F504AFDA7482}"
EndProject
Project("{9A19103F-16F7-4668-BE54-9A1E7A4F7556}") = "03SoftUniBarIncome", "03SoftUniBarIncome\03SoftUniBarIncome.csproj", "{D14C2C9F-160F-4FA5-B469-AD9A631A9F61}"
EndProject
Project("{9A19103F-16F7-4668-BE54-9A1E7A4F7556}") = "04SoftUniExamResults", "04SoftUniExamResults\04SoftUniExamResults.csproj", "{2A7A424C-FDFF-4D90-AE58-4C317EEC8BFA}"
EndProject
Project("{FAE04EC0-301F-11D3-BF4B-00C04F79EFBC}") = "01 1 Rage Expenses", "01 1 Rage Expenses\01 1 Rage Expenses.csproj", "{09FB4FE5-4700-4AA3-83B9-0417D11CB660}"
EndProject
Project("{FAE04EC0-301F-11D3-BF4B-00C04F79EFBC}") = "02. Memory View", "02. Memory View\02. Memory View.csproj", "{8179915D-BD46-4AB5-A38B-D11671845E15}"
EndProject
Project("{FAE04EC0-301F-11D3-BF4B-00C04F79EFBC}") = "03 Tseam Account", "Tseam Account\03 Tseam Account.csproj", "{AEF50C57-BAF2-4BF9-9791-3872378D4FB6}"
EndProject
Project("{FAE04EC0-301F-11D3-BF4B-00C04F79EFBC}") = "04 MOBA Challenger", "04 MOBA Challenger\04 MOBA Challenger.csproj", "{4522BA1F-D77E-4DD3-99D4-6E43D3B396A3}"
EndProject
Project("{FAE04EC0-301F-11D3-BF4B-00C04F79EFBC}") = "01. Snowballs", "01. Snowballs\01. Snowballs.csproj", "{B4317256-1097-45D5-ADB1-B025515BE579}"
EndProject
Project("{FAE04EC0-301F-11D3-BF4B-00C04F79EFBC}") = "02 Snowmen", "Snowmen\02 Snowmen.csproj", "{8FF52794-B812-431F-9A56-93B5385F66FB}"
EndProject
Project("{FAE04EC0-301F-11D3-BF4B-00C04F79EFBC}") = "03 Snowflake", "03 Snowflake\03 Snowflake.csproj", "{E09268F4-8B03-4D0A-A460-539742FEE51C}"
EndProject
Project("{FAE04EC0-301F-11D3-BF4B-00C04F79EFBC}") = "03 Snowflake1", "03 Snowflake1\03 Snowflake1.csproj", "{FA57979A-1066-4A69-8A1E-914CC14BFAB4}"
EndProject
Project("{FAE04EC0-301F-11D3-BF4B-00C04F79EFBC}") = "02 Snowmen1", "02 Snowmen1\02 Snowmen1.csproj", "{A7B48123-7206-47F0-954F-5B91CF0B3706}"
EndProject
Project("{FAE04EC0-301F-11D3-BF4B-00C04F79EFBC}") = "04 Snowwhite", "04 Snowwhite\04 Snowwhite.csproj", "{5EB13C2C-54D9-4231-BB01-74B4EAFA4730}"
EndProject
Project("{FAE04EC0-301F-11D3-BF4B-00C04F79EFBC}") = "02 SoftUniCoursePlanning", "02 SoftUniCoursePlanning\02 SoftUniCoursePlanning.csproj", "{A06C1E57-EB4A-45ED-BC87-A34B9A93D51E}"
EndProject
Project("{FAE04EC0-301F-11D3-BF4B-00C04F79EFBC}") = "03 SoftUniBarIncome", "03 SoftUniBarIncome\03 SoftUniBarIncome.csproj", "{2B544814-9E9E-4CDB-BB31-6CF02DF0918B}"
EndProject
Project("{FAE04EC0-301F-11D3-BF4B-00C04F79EFBC}") = "02. SoftUni Karaoke", "02. SoftUni Karaoke\02. SoftUni Karaoke.csproj", "{E1A65500-A134-42CD-AF2E-771B7420025C}"
EndProject
Project("{FAE04EC0-301F-11D3-BF4B-00C04F79EFBC}") = "03. Endurance Rally", "03. Endurance Rally\03. Endurance Rally.csproj", "{368062DE-A25F-4A5D-8627-22F4891A4092}"
EndProject
Project("{FAE04EC0-301F-11D3-BF4B-00C04F79EFBC}") = "04. Winning Ticket", "04. Winning Ticket\04. Winning Ticket.csproj", "{2104A76A-745C-4892-925F-B7A3548B5951}"
EndProject
Project("{FAE04EC0-301F-11D3-BF4B-00C04F79EFBC}") = "03 SnowFlakes", "03 SnowFlakes\03 SnowFlakes.csproj", "{3809FC66-5110-4A82-AFEB-EAEA254BBA0E}"
EndProject
Project("{FAE04EC0-301F-11D3-BF4B-00C04F79EFBC}") = "04 Snowwhite1", "04 Snowwhite1\04 Snowwhite1.csproj", "{F8425DDA-995B-4ABD-BC64-E6F7D056747A}"
EndProject
Project("{FAE04EC0-301F-11D3-BF4B-00C04F79EFBC}") = "01 Padawan Equipment", "01 Padawan Equipment\01 Padawan Equipment.csproj", "{0461B526-CBB4-4F6B-936F-12ED58F33F47}"
EndProject
Project("{FAE04EC0-301F-11D3-BF4B-00C04F79EFBC}") = "01 Padawan Equipment1", "01 Padawan Equipment1\01 Padawan Equipment1.csproj", "{C6C17A8E-C175-4D9A-B78B-0DEFF388B6B4}"
EndProject
Project("{FAE04EC0-301F-11D3-BF4B-00C04F79EFBC}") = "02 Kamino Factory", "02 Kamino Factory\02 Kamino Factory.csproj", "{780E7608-383B-40B9-842D-719002EA92F8}"
EndProject
Project("{FAE04EC0-301F-11D3-BF4B-00C04F79EFBC}") = "03 Star Enigma", "03 Star Enigma\03 Star Enigma.csproj", "{9F250973-7C19-4D28-BF7B-628A71C6DB9E}"
EndProject
Project("{FAE04EC0-301F-11D3-BF4B-00C04F79EFBC}") = "02 SoftuniCoursePlanning1", "02 SoftuniCoursePlanning1\02 SoftuniCoursePlanning1.csproj", "{9DD1179C-2DA2-43DA-B9BC-DCE0DD16C2CD}"
EndProject
Project("{FAE04EC0-301F-11D3-BF4B-00C04F79EFBC}") = "04. ForceBook", "04. ForceBook\04. ForceBook.csproj", "{C3A0EE51-5791-464E-A4EA-F1A1F5B5C16E}"
EndProject
Global
	GlobalSection(SolutionConfigurationPlatforms) = preSolution
		Debug|Any CPU = Debug|Any CPU
		Release|Any CPU = Release|Any CPU
	EndGlobalSection
	GlobalSection(ProjectConfigurationPlatforms) = postSolution
		{E7499397-0991-486B-B762-166F1887FC3C}.Debug|Any CPU.ActiveCfg = Debug|Any CPU
		{E7499397-0991-486B-B762-166F1887FC3C}.Debug|Any CPU.Build.0 = Debug|Any CPU
		{E7499397-0991-486B-B762-166F1887FC3C}.Release|Any CPU.ActiveCfg = Release|Any CPU
		{E7499397-0991-486B-B762-166F1887FC3C}.Release|Any CPU.Build.0 = Release|Any CPU
		{52286854-25E4-46C7-9898-DCE245CF0F35}.Debug|Any CPU.ActiveCfg = Debug|Any CPU
		{52286854-25E4-46C7-9898-DCE245CF0F35}.Debug|Any CPU.Build.0 = Debug|Any CPU
		{52286854-25E4-46C7-9898-DCE245CF0F35}.Release|Any CPU.ActiveCfg = Release|Any CPU
		{52286854-25E4-46C7-9898-DCE245CF0F35}.Release|Any CPU.Build.0 = Release|Any CPU
		{2D7FDF5C-A960-436C-815C-0C0AD34024F8}.Debug|Any CPU.ActiveCfg = Debug|Any CPU
		{2D7FDF5C-A960-436C-815C-0C0AD34024F8}.Debug|Any CPU.Build.0 = Debug|Any CPU
		{2D7FDF5C-A960-436C-815C-0C0AD34024F8}.Release|Any CPU.ActiveCfg = Release|Any CPU
		{2D7FDF5C-A960-436C-815C-0C0AD34024F8}.Release|Any CPU.Build.0 = Release|Any CPU
		{12542F88-3D34-4834-BCFD-F5BBB017F835}.Debug|Any CPU.ActiveCfg = Debug|Any CPU
		{12542F88-3D34-4834-BCFD-F5BBB017F835}.Debug|Any CPU.Build.0 = Debug|Any CPU
		{12542F88-3D34-4834-BCFD-F5BBB017F835}.Release|Any CPU.ActiveCfg = Release|Any CPU
		{12542F88-3D34-4834-BCFD-F5BBB017F835}.Release|Any CPU.Build.0 = Release|Any CPU
		{78B8542D-0A55-4F2A-B547-9BA4BB7060E0}.Debug|Any CPU.ActiveCfg = Debug|Any CPU
		{78B8542D-0A55-4F2A-B547-9BA4BB7060E0}.Debug|Any CPU.Build.0 = Debug|Any CPU
		{78B8542D-0A55-4F2A-B547-9BA4BB7060E0}.Release|Any CPU.ActiveCfg = Release|Any CPU
		{78B8542D-0A55-4F2A-B547-9BA4BB7060E0}.Release|Any CPU.Build.0 = Release|Any CPU
		{E64C1DC5-59BA-4C92-8DA2-ADD101F6AFC3}.Debug|Any CPU.ActiveCfg = Debug|Any CPU
		{E64C1DC5-59BA-4C92-8DA2-ADD101F6AFC3}.Debug|Any CPU.Build.0 = Debug|Any CPU
		{E64C1DC5-59BA-4C92-8DA2-ADD101F6AFC3}.Release|Any CPU.ActiveCfg = Release|Any CPU
		{E64C1DC5-59BA-4C92-8DA2-ADD101F6AFC3}.Release|Any CPU.Build.0 = Release|Any CPU
		{783777E0-6A40-4C3C-B9E7-FADC637FE2A7}.Debug|Any CPU.ActiveCfg = Debug|Any CPU
		{783777E0-6A40-4C3C-B9E7-FADC637FE2A7}.Debug|Any CPU.Build.0 = Debug|Any CPU
		{783777E0-6A40-4C3C-B9E7-FADC637FE2A7}.Release|Any CPU.ActiveCfg = Release|Any CPU
		{783777E0-6A40-4C3C-B9E7-FADC637FE2A7}.Release|Any CPU.Build.0 = Release|Any CPU
		{6A2C681C-DDFF-4820-A830-89E020AC17C4}.Debug|Any CPU.ActiveCfg = Debug|Any CPU
		{6A2C681C-DDFF-4820-A830-89E020AC17C4}.Debug|Any CPU.Build.0 = Debug|Any CPU
		{6A2C681C-DDFF-4820-A830-89E020AC17C4}.Release|Any CPU.ActiveCfg = Release|Any CPU
		{6A2C681C-DDFF-4820-A830-89E020AC17C4}.Release|Any CPU.Build.0 = Release|Any CPU
		{354097E0-B4E3-4B8E-BDFB-FECCA140B04E}.Debug|Any CPU.ActiveCfg = Debug|Any CPU
		{354097E0-B4E3-4B8E-BDFB-FECCA140B04E}.Debug|Any CPU.Build.0 = Debug|Any CPU
		{354097E0-B4E3-4B8E-BDFB-FECCA140B04E}.Release|Any CPU.ActiveCfg = Release|Any CPU
		{354097E0-B4E3-4B8E-BDFB-FECCA140B04E}.Release|Any CPU.Build.0 = Release|Any CPU
		{8F8F3DE5-FEB6-4F1E-AC8A-31ACE76D6733}.Debug|Any CPU.ActiveCfg = Debug|Any CPU
		{8F8F3DE5-FEB6-4F1E-AC8A-31ACE76D6733}.Debug|Any CPU.Build.0 = Debug|Any CPU
		{8F8F3DE5-FEB6-4F1E-AC8A-31ACE76D6733}.Release|Any CPU.ActiveCfg = Release|Any CPU
		{8F8F3DE5-FEB6-4F1E-AC8A-31ACE76D6733}.Release|Any CPU.Build.0 = Release|Any CPU
		{C08C22B0-4068-4753-9AC8-C04AE745CAE6}.Debug|Any CPU.ActiveCfg = Debug|Any CPU
		{C08C22B0-4068-4753-9AC8-C04AE745CAE6}.Debug|Any CPU.Build.0 = Debug|Any CPU
		{C08C22B0-4068-4753-9AC8-C04AE745CAE6}.Release|Any CPU.ActiveCfg = Release|Any CPU
		{C08C22B0-4068-4753-9AC8-C04AE745CAE6}.Release|Any CPU.Build.0 = Release|Any CPU
		{80E4B006-30B5-42A0-86AD-F904B00DBCD2}.Debug|Any CPU.ActiveCfg = Debug|Any CPU
		{80E4B006-30B5-42A0-86AD-F904B00DBCD2}.Debug|Any CPU.Build.0 = Debug|Any CPU
		{80E4B006-30B5-42A0-86AD-F904B00DBCD2}.Release|Any CPU.ActiveCfg = Release|Any CPU
		{80E4B006-30B5-42A0-86AD-F904B00DBCD2}.Release|Any CPU.Build.0 = Release|Any CPU
		{2BDD1DDF-921F-4E4E-88A1-9A7C73DD911A}.Debug|Any CPU.ActiveCfg = Debug|Any CPU
		{2BDD1DDF-921F-4E4E-88A1-9A7C73DD911A}.Debug|Any CPU.Build.0 = Debug|Any CPU
		{2BDD1DDF-921F-4E4E-88A1-9A7C73DD911A}.Release|Any CPU.ActiveCfg = Release|Any CPU
		{2BDD1DDF-921F-4E4E-88A1-9A7C73DD911A}.Release|Any CPU.Build.0 = Release|Any CPU
		{1C3B4501-51FE-4DED-8C73-BD33B40F3B73}.Debug|Any CPU.ActiveCfg = Debug|Any CPU
		{1C3B4501-51FE-4DED-8C73-BD33B40F3B73}.Debug|Any CPU.Build.0 = Debug|Any CPU
		{1C3B4501-51FE-4DED-8C73-BD33B40F3B73}.Release|Any CPU.ActiveCfg = Release|Any CPU
		{1C3B4501-51FE-4DED-8C73-BD33B40F3B73}.Release|Any CPU.Build.0 = Release|Any CPU
		{4B2ED620-6FC0-4D25-A586-1697682619B8}.Debug|Any CPU.ActiveCfg = Debug|Any CPU
		{4B2ED620-6FC0-4D25-A586-1697682619B8}.Debug|Any CPU.Build.0 = Debug|Any CPU
		{4B2ED620-6FC0-4D25-A586-1697682619B8}.Release|Any CPU.ActiveCfg = Release|Any CPU
		{4B2ED620-6FC0-4D25-A586-1697682619B8}.Release|Any CPU.Build.0 = Release|Any CPU
		{6473AA94-662A-4946-9B42-F504AFDA7482}.Debug|Any CPU.ActiveCfg = Debug|Any CPU
		{6473AA94-662A-4946-9B42-F504AFDA7482}.Debug|Any CPU.Build.0 = Debug|Any CPU
		{6473AA94-662A-4946-9B42-F504AFDA7482}.Release|Any CPU.ActiveCfg = Release|Any CPU
		{6473AA94-662A-4946-9B42-F504AFDA7482}.Release|Any CPU.Build.0 = Release|Any CPU
		{D14C2C9F-160F-4FA5-B469-AD9A631A9F61}.Debug|Any CPU.ActiveCfg = Debug|Any CPU
		{D14C2C9F-160F-4FA5-B469-AD9A631A9F61}.Debug|Any CPU.Build.0 = Debug|Any CPU
		{D14C2C9F-160F-4FA5-B469-AD9A631A9F61}.Release|Any CPU.ActiveCfg = Release|Any CPU
		{D14C2C9F-160F-4FA5-B469-AD9A631A9F61}.Release|Any CPU.Build.0 = Release|Any CPU
		{2A7A424C-FDFF-4D90-AE58-4C317EEC8BFA}.Debug|Any CPU.ActiveCfg = Debug|Any CPU
		{2A7A424C-FDFF-4D90-AE58-4C317EEC8BFA}.Debug|Any CPU.Build.0 = Debug|Any CPU
		{2A7A424C-FDFF-4D90-AE58-4C317EEC8BFA}.Release|Any CPU.ActiveCfg = Release|Any CPU
		{2A7A424C-FDFF-4D90-AE58-4C317EEC8BFA}.Release|Any CPU.Build.0 = Release|Any CPU
		{09FB4FE5-4700-4AA3-83B9-0417D11CB660}.Debug|Any CPU.ActiveCfg = Debug|Any CPU
		{09FB4FE5-4700-4AA3-83B9-0417D11CB660}.Debug|Any CPU.Build.0 = Debug|Any CPU
		{09FB4FE5-4700-4AA3-83B9-0417D11CB660}.Release|Any CPU.ActiveCfg = Release|Any CPU
		{09FB4FE5-4700-4AA3-83B9-0417D11CB660}.Release|Any CPU.Build.0 = Release|Any CPU
		{8179915D-BD46-4AB5-A38B-D11671845E15}.Debug|Any CPU.ActiveCfg = Debug|Any CPU
		{8179915D-BD46-4AB5-A38B-D11671845E15}.Debug|Any CPU.Build.0 = Debug|Any CPU
		{8179915D-BD46-4AB5-A38B-D11671845E15}.Release|Any CPU.ActiveCfg = Release|Any CPU
		{8179915D-BD46-4AB5-A38B-D11671845E15}.Release|Any CPU.Build.0 = Release|Any CPU
		{AEF50C57-BAF2-4BF9-9791-3872378D4FB6}.Debug|Any CPU.ActiveCfg = Debug|Any CPU
		{AEF50C57-BAF2-4BF9-9791-3872378D4FB6}.Debug|Any CPU.Build.0 = Debug|Any CPU
		{AEF50C57-BAF2-4BF9-9791-3872378D4FB6}.Release|Any CPU.ActiveCfg = Release|Any CPU
		{AEF50C57-BAF2-4BF9-9791-3872378D4FB6}.Release|Any CPU.Build.0 = Release|Any CPU
		{4522BA1F-D77E-4DD3-99D4-6E43D3B396A3}.Debug|Any CPU.ActiveCfg = Debug|Any CPU
		{4522BA1F-D77E-4DD3-99D4-6E43D3B396A3}.Debug|Any CPU.Build.0 = Debug|Any CPU
		{4522BA1F-D77E-4DD3-99D4-6E43D3B396A3}.Release|Any CPU.ActiveCfg = Release|Any CPU
		{4522BA1F-D77E-4DD3-99D4-6E43D3B396A3}.Release|Any CPU.Build.0 = Release|Any CPU
		{B4317256-1097-45D5-ADB1-B025515BE579}.Debug|Any CPU.ActiveCfg = Debug|Any CPU
		{B4317256-1097-45D5-ADB1-B025515BE579}.Debug|Any CPU.Build.0 = Debug|Any CPU
		{B4317256-1097-45D5-ADB1-B025515BE579}.Release|Any CPU.ActiveCfg = Release|Any CPU
		{B4317256-1097-45D5-ADB1-B025515BE579}.Release|Any CPU.Build.0 = Release|Any CPU
		{8FF52794-B812-431F-9A56-93B5385F66FB}.Debug|Any CPU.ActiveCfg = Debug|Any CPU
		{8FF52794-B812-431F-9A56-93B5385F66FB}.Debug|Any CPU.Build.0 = Debug|Any CPU
		{8FF52794-B812-431F-9A56-93B5385F66FB}.Release|Any CPU.ActiveCfg = Release|Any CPU
		{8FF52794-B812-431F-9A56-93B5385F66FB}.Release|Any CPU.Build.0 = Release|Any CPU
		{E09268F4-8B03-4D0A-A460-539742FEE51C}.Debug|Any CPU.ActiveCfg = Debug|Any CPU
		{E09268F4-8B03-4D0A-A460-539742FEE51C}.Debug|Any CPU.Build.0 = Debug|Any CPU
		{E09268F4-8B03-4D0A-A460-539742FEE51C}.Release|Any CPU.ActiveCfg = Release|Any CPU
		{E09268F4-8B03-4D0A-A460-539742FEE51C}.Release|Any CPU.Build.0 = Release|Any CPU
		{FA57979A-1066-4A69-8A1E-914CC14BFAB4}.Debug|Any CPU.ActiveCfg = Debug|Any CPU
		{FA57979A-1066-4A69-8A1E-914CC14BFAB4}.Debug|Any CPU.Build.0 = Debug|Any CPU
		{FA57979A-1066-4A69-8A1E-914CC14BFAB4}.Release|Any CPU.ActiveCfg = Release|Any CPU
		{FA57979A-1066-4A69-8A1E-914CC14BFAB4}.Release|Any CPU.Build.0 = Release|Any CPU
		{A7B48123-7206-47F0-954F-5B91CF0B3706}.Debug|Any CPU.ActiveCfg = Debug|Any CPU
		{A7B48123-7206-47F0-954F-5B91CF0B3706}.Debug|Any CPU.Build.0 = Debug|Any CPU
		{A7B48123-7206-47F0-954F-5B91CF0B3706}.Release|Any CPU.ActiveCfg = Release|Any CPU
		{A7B48123-7206-47F0-954F-5B91CF0B3706}.Release|Any CPU.Build.0 = Release|Any CPU
		{5EB13C2C-54D9-4231-BB01-74B4EAFA4730}.Debug|Any CPU.ActiveCfg = Debug|Any CPU
		{5EB13C2C-54D9-4231-BB01-74B4EAFA4730}.Debug|Any CPU.Build.0 = Debug|Any CPU
		{5EB13C2C-54D9-4231-BB01-74B4EAFA4730}.Release|Any CPU.ActiveCfg = Release|Any CPU
		{5EB13C2C-54D9-4231-BB01-74B4EAFA4730}.Release|Any CPU.Build.0 = Release|Any CPU
		{A06C1E57-EB4A-45ED-BC87-A34B9A93D51E}.Debug|Any CPU.ActiveCfg = Debug|Any CPU
		{A06C1E57-EB4A-45ED-BC87-A34B9A93D51E}.Debug|Any CPU.Build.0 = Debug|Any CPU
		{A06C1E57-EB4A-45ED-BC87-A34B9A93D51E}.Release|Any CPU.ActiveCfg = Release|Any CPU
		{A06C1E57-EB4A-45ED-BC87-A34B9A93D51E}.Release|Any CPU.Build.0 = Release|Any CPU
		{2B544814-9E9E-4CDB-BB31-6CF02DF0918B}.Debug|Any CPU.ActiveCfg = Debug|Any CPU
		{2B544814-9E9E-4CDB-BB31-6CF02DF0918B}.Debug|Any CPU.Build.0 = Debug|Any CPU
		{2B544814-9E9E-4CDB-BB31-6CF02DF0918B}.Release|Any CPU.ActiveCfg = Release|Any CPU
		{2B544814-9E9E-4CDB-BB31-6CF02DF0918B}.Release|Any CPU.Build.0 = Release|Any CPU
		{E1A65500-A134-42CD-AF2E-771B7420025C}.Debug|Any CPU.ActiveCfg = Debug|Any CPU
		{E1A65500-A134-42CD-AF2E-771B7420025C}.Debug|Any CPU.Build.0 = Debug|Any CPU
		{E1A65500-A134-42CD-AF2E-771B7420025C}.Release|Any CPU.ActiveCfg = Release|Any CPU
		{E1A65500-A134-42CD-AF2E-771B7420025C}.Release|Any CPU.Build.0 = Release|Any CPU
		{368062DE-A25F-4A5D-8627-22F4891A4092}.Debug|Any CPU.ActiveCfg = Debug|Any CPU
		{368062DE-A25F-4A5D-8627-22F4891A4092}.Debug|Any CPU.Build.0 = Debug|Any CPU
		{368062DE-A25F-4A5D-8627-22F4891A4092}.Release|Any CPU.ActiveCfg = Release|Any CPU
		{368062DE-A25F-4A5D-8627-22F4891A4092}.Release|Any CPU.Build.0 = Release|Any CPU
		{2104A76A-745C-4892-925F-B7A3548B5951}.Debug|Any CPU.ActiveCfg = Debug|Any CPU
		{2104A76A-745C-4892-925F-B7A3548B5951}.Debug|Any CPU.Build.0 = Debug|Any CPU
		{2104A76A-745C-4892-925F-B7A3548B5951}.Release|Any CPU.ActiveCfg = Release|Any CPU
		{2104A76A-745C-4892-925F-B7A3548B5951}.Release|Any CPU.Build.0 = Release|Any CPU
		{3809FC66-5110-4A82-AFEB-EAEA254BBA0E}.Debug|Any CPU.ActiveCfg = Debug|Any CPU
		{3809FC66-5110-4A82-AFEB-EAEA254BBA0E}.Debug|Any CPU.Build.0 = Debug|Any CPU
		{3809FC66-5110-4A82-AFEB-EAEA254BBA0E}.Release|Any CPU.ActiveCfg = Release|Any CPU
		{3809FC66-5110-4A82-AFEB-EAEA254BBA0E}.Release|Any CPU.Build.0 = Release|Any CPU
		{F8425DDA-995B-4ABD-BC64-E6F7D056747A}.Debug|Any CPU.ActiveCfg = Debug|Any CPU
		{F8425DDA-995B-4ABD-BC64-E6F7D056747A}.Debug|Any CPU.Build.0 = Debug|Any CPU
		{F8425DDA-995B-4ABD-BC64-E6F7D056747A}.Release|Any CPU.ActiveCfg = Release|Any CPU
		{F8425DDA-995B-4ABD-BC64-E6F7D056747A}.Release|Any CPU.Build.0 = Release|Any CPU
		{0461B526-CBB4-4F6B-936F-12ED58F33F47}.Debug|Any CPU.ActiveCfg = Debug|Any CPU
		{0461B526-CBB4-4F6B-936F-12ED58F33F47}.Debug|Any CPU.Build.0 = Debug|Any CPU
		{0461B526-CBB4-4F6B-936F-12ED58F33F47}.Release|Any CPU.ActiveCfg = Release|Any CPU
		{0461B526-CBB4-4F6B-936F-12ED58F33F47}.Release|Any CPU.Build.0 = Release|Any CPU
		{C6C17A8E-C175-4D9A-B78B-0DEFF388B6B4}.Debug|Any CPU.ActiveCfg = Debug|Any CPU
		{C6C17A8E-C175-4D9A-B78B-0DEFF388B6B4}.Debug|Any CPU.Build.0 = Debug|Any CPU
		{C6C17A8E-C175-4D9A-B78B-0DEFF388B6B4}.Release|Any CPU.ActiveCfg = Release|Any CPU
		{C6C17A8E-C175-4D9A-B78B-0DEFF388B6B4}.Release|Any CPU.Build.0 = Release|Any CPU
		{780E7608-383B-40B9-842D-719002EA92F8}.Debug|Any CPU.ActiveCfg = Debug|Any CPU
		{780E7608-383B-40B9-842D-719002EA92F8}.Debug|Any CPU.Build.0 = Debug|Any CPU
		{780E7608-383B-40B9-842D-719002EA92F8}.Release|Any CPU.ActiveCfg = Release|Any CPU
		{780E7608-383B-40B9-842D-719002EA92F8}.Release|Any CPU.Build.0 = Release|Any CPU
		{9F250973-7C19-4D28-BF7B-628A71C6DB9E}.Debug|Any CPU.ActiveCfg = Debug|Any CPU
		{9F250973-7C19-4D28-BF7B-628A71C6DB9E}.Debug|Any CPU.Build.0 = Debug|Any CPU
		{9F250973-7C19-4D28-BF7B-628A71C6DB9E}.Release|Any CPU.ActiveCfg = Release|Any CPU
		{9F250973-7C19-4D28-BF7B-628A71C6DB9E}.Release|Any CPU.Build.0 = Release|Any CPU
		{9DD1179C-2DA2-43DA-B9BC-DCE0DD16C2CD}.Debug|Any CPU.ActiveCfg = Debug|Any CPU
		{9DD1179C-2DA2-43DA-B9BC-DCE0DD16C2CD}.Debug|Any CPU.Build.0 = Debug|Any CPU
		{9DD1179C-2DA2-43DA-B9BC-DCE0DD16C2CD}.Release|Any CPU.ActiveCfg = Release|Any CPU
		{9DD1179C-2DA2-43DA-B9BC-DCE0DD16C2CD}.Release|Any CPU.Build.0 = Release|Any CPU
		{C3A0EE51-5791-464E-A4EA-F1A1F5B5C16E}.Debug|Any CPU.ActiveCfg = Debug|Any CPU
		{C3A0EE51-5791-464E-A4EA-F1A1F5B5C16E}.Debug|Any CPU.Build.0 = Debug|Any CPU
		{C3A0EE51-5791-464E-A4EA-F1A1F5B5C16E}.Release|Any CPU.ActiveCfg = Release|Any CPU
		{C3A0EE51-5791-464E-A4EA-F1A1F5B5C16E}.Release|Any CPU.Build.0 = Release|Any CPU
	EndGlobalSection
	GlobalSection(SolutionProperties) = preSolution
		HideSolutionNode = FALSE
	EndGlobalSection
	GlobalSection(ExtensibilityGlobals) = postSolution
		SolutionGuid = {B38F3E80-89F1-4369-AA25-92DABFF7C972}
	EndGlobalSection
EndGlobal
